
Microsoft Visual Studio Solution File, Format Version 12.00
# Visual Studio Version 16
VisualStudioVersion = 16.0.31911.196
MinimumVisualStudioVersion = 10.0.40219.1
Project("{9A19103F-16F7-4668-BE54-9A1E7A4F7556}") = "Server", "SodaMutiServer_22\Server.csproj", "{0B647A65-E57A-49E3-9E98-963337738B6F}"
EndProject
Project("{FAE04EC0-301F-11D3-BF4B-00C04F79EFBC}") = "ServerCore", "ServerCore\ServerCore.csproj", "{D7C01E92-76C1-4ACF-96FA-A31217DC66BE}"
EndProject
Project("{FAE04EC0-301F-11D3-BF4B-00C04F79EFBC}") = "DummyClient", "DummyClient\DummyClient.csproj", "{54D978DB-10A3-4BF3-B90B-D0B2CC1457FB}"
EndProject
Global
	GlobalSection(SolutionConfigurationPlatforms) = preSolution
		Debug|Any CPU = Debug|Any CPU
		Release|Any CPU = Release|Any CPU
	EndGlobalSection
	GlobalSection(ProjectConfigurationPlatforms) = postSolution
		{0B647A65-E57A-49E3-9E98-963337738B6F}.Debug|Any CPU.ActiveCfg = Debug|Any CPU
		{0B647A65-E57A-49E3-9E98-963337738B6F}.Debug|Any CPU.Build.0 = Debug|Any CPU
		{0B647A65-E57A-49E3-9E98-963337738B6F}.Release|Any CPU.ActiveCfg = Release|Any CPU
		{0B647A65-E57A-49E3-9E98-963337738B6F}.Release|Any CPU.Build.0 = Release|Any CPU
		{D7C01E92-76C1-4ACF-96FA-A31217DC66BE}.Debug|Any CPU.ActiveCfg = Debug|Any CPU
		{D7C01E92-76C1-4ACF-96FA-A31217DC66BE}.Debug|Any CPU.Build.0 = Debug|Any CPU
		{D7C01E92-76C1-4ACF-96FA-A31217DC66BE}.Release|Any CPU.ActiveCfg = Release|Any CPU
		{D7C01E92-76C1-4ACF-96FA-A31217DC66BE}.Release|Any CPU.Build.0 = Release|Any CPU
		{54D978DB-10A3-4BF3-B90B-D0B2CC1457FB}.Debug|Any CPU.ActiveCfg = Debug|Any CPU
		{54D978DB-10A3-4BF3-B90B-D0B2CC1457FB}.Debug|Any CPU.Build.0 = Debug|Any CPU
		{54D978DB-10A3-4BF3-B90B-D0B2CC1457FB}.Release|Any CPU.ActiveCfg = Release|Any CPU
		{54D978DB-10A3-4BF3-B90B-D0B2CC1457FB}.Release|Any CPU.Build.0 = Release|Any CPU
	EndGlobalSection
	GlobalSection(SolutionProperties) = preSolution
		HideSolutionNode = FALSE
	EndGlobalSection
	GlobalSection(ExtensibilityGlobals) = postSolution
		SolutionGuid = {ADB7DC89-4FFA-42E9-BC8C-5425B18BF2C0}
	EndGlobalSection
EndGlobal
